
Microsoft Visual Studio Solution File, Format Version 12.00
# Visual Studio Version 16
VisualStudioVersion = 16.0.29418.71
MinimumVisualStudioVersion = 10.0.40219.1
Project("{FAE04EC0-301F-11D3-BF4B-00C04F79EFBC}") = "DeckGenerator", "DeckGenerator\DeckGenerator.csproj", "{90E81818-7253-41E3-B63C-CF4104ED9B4C}"
EndProject
Project("{FAE04EC0-301F-11D3-BF4B-00C04F79EFBC}") = "DeckGeneratorTests", "DeckGeneratorTests\DeckGeneratorTests.csproj", "{2E6B60F4-E646-49F7-A063-5A88984C916F}"
EndProject
Global
	GlobalSection(SolutionConfigurationPlatforms) = preSolution
		Debug|Any CPU = Debug|Any CPU
		Release|Any CPU = Release|Any CPU
	EndGlobalSection
	GlobalSection(ProjectConfigurationPlatforms) = postSolution
		{90E81818-7253-41E3-B63C-CF4104ED9B4C}.Debug|Any CPU.ActiveCfg = Debug|Any CPU
		{90E81818-7253-41E3-B63C-CF4104ED9B4C}.Debug|Any CPU.Build.0 = Debug|Any CPU
		{90E81818-7253-41E3-B63C-CF4104ED9B4C}.Release|Any CPU.ActiveCfg = Release|Any CPU
		{90E81818-7253-41E3-B63C-CF4104ED9B4C}.Release|Any CPU.Build.0 = Release|Any CPU
		{2E6B60F4-E646-49F7-A063-5A88984C916F}.Debug|Any CPU.ActiveCfg = Debug|Any CPU
		{2E6B60F4-E646-49F7-A063-5A88984C916F}.Debug|Any CPU.Build.0 = Debug|Any CPU
		{2E6B60F4-E646-49F7-A063-5A88984C916F}.Release|Any CPU.ActiveCfg = Release|Any CPU
		{2E6B60F4-E646-49F7-A063-5A88984C916F}.Release|Any CPU.Build.0 = Release|Any CPU
	EndGlobalSection
	GlobalSection(SolutionProperties) = preSolution
		HideSolutionNode = FALSE
	EndGlobalSection
	GlobalSection(ExtensibilityGlobals) = postSolution
		SolutionGuid = {F1FF93FB-3126-44DC-A36B-7EA98B331D58}
	EndGlobalSection
EndGlobal
